
Microsoft Visual Studio Solution File, Format Version 12.00
# Visual Studio Version 17
VisualStudioVersion = 17.14.36202.13
MinimumVisualStudioVersion = 10.0.40219.1
Project("{FAE04EC0-301F-11D3-BF4B-00C04F79EFBC}") = "LenenPets", "LenenPets.csproj", "{64FC89CD-EE23-4111-4374-15D77FA39C08}"
EndProject
Global
	GlobalSection(SolutionConfigurationPlatforms) = preSolution
		Debug|Any CPU = Debug|Any CPU
		Release|Any CPU = Release|Any CPU
	EndGlobalSection
	GlobalSection(ProjectConfigurationPlatforms) = postSolution
		{64FC89CD-EE23-4111-4374-15D77FA39C08}.Debug|Any CPU.ActiveCfg = Debug|Any CPU
		{64FC89CD-EE23-4111-4374-15D77FA39C08}.Debug|Any CPU.Build.0 = Debug|Any CPU
		{64FC89CD-EE23-4111-4374-15D77FA39C08}.Release|Any CPU.ActiveCfg = Release|Any CPU
		{64FC89CD-EE23-4111-4374-15D77FA39C08}.Release|Any CPU.Build.0 = Release|Any CPU
	EndGlobalSection
	GlobalSection(SolutionProperties) = preSolution
		HideSolutionNode = FALSE
	EndGlobalSection
	GlobalSection(ExtensibilityGlobals) = postSolution
		SolutionGuid = {6650CB14-0896-48B1-BE44-CF283237032A}
	EndGlobalSection
EndGlobal
